<?xml version="1.0" encoding="utf-8"?>
<Project ToolsVersion="4.0" xmlns="http://schemas.microsoft.com/developer/msbuild/2003">
  <ItemGroup>
    <Filter Include="Source Files">
      <UniqueIdentifier>{4FC737F1-C7A5-4376-A066-2A32D752A2FF}</UniqueIdentifier>
      <Extensions>cpp;c;cc;cxx;def;odl;idl;hpj;bat;asm;asmx</Extensions>
    </Filter>
    <Filter Include="Header Files">
      <UniqueIdentifier>{93995380-89BD-4b04-88EB-625FBE52EBFB}</UniqueIdentifier>
      <Extensions>h;hh;hpp;hxx;hm;inl;inc;xsd</Extensions>
    </Filter>
    <Filter Include="Resource Files">
      <UniqueIdentifier>{67DA6AB6-F800-4c08-8B7A-83BB121AAD01}</UniqueIdentifier>
      <Extensions>rc;ico;cur;bmp;dlg;rc2;rct;bin;rgs;gif;jpg;jpeg;jpe;resx;tiff;tif;png;wav;mfcribbon-ms</Extensions>
    </Filter>
    <Filter Include="Source Files\tmx">
      <UniqueIdentifier>{cdbfb565-5466-458a-9e60-01c5de5c9b69}</UniqueIdentifier>
    </Filter>
    <Filter Include="Source Files\Pathfinding">
      <UniqueIdentifier>{46bac0b8-7f28-409a-b70e-90e508b4a9e8}</UniqueIdentifier>
    </Filter>
    <Filter Include="Header Files\Pathfinding">
      <UniqueIdentifier>{06c51164-8db6-4de5-bf30-20f8d319e260}</UniqueIdentifier>
    </Filter>
    <Filter Include="Header Files\Collision">
      <UniqueIdentifier>{dc8548fe-3125-4b43-b29e-57810b680ba4}</UniqueIdentifier>
    </Filter>
    <Filter Include="Source Files\Collision">
      <UniqueIdentifier>{8cfe0eb4-d973-4c33-80a7-e40a8f871a5a}</UniqueIdentifier>
    </Filter>
    <Filter Include="Source Files\Game Entities">
      <UniqueIdentifier>{49403d2e-704f-4163-97c1-ec79fdce9425}</UniqueIdentifier>
    </Filter>
    <Filter Include="Source Files\World">
      <UniqueIdentifier>{3e00c408-6f07-459f-8040-59b401781bf5}</UniqueIdentifier>
    </Filter>
    <Filter Include="Source Files\States">
      <UniqueIdentifier>{09dda799-3a63-4b6c-ba61-34018be3eb01}</UniqueIdentifier>
    </Filter>
    <Filter Include="Header Files\States">
      <UniqueIdentifier>{dc85e82a-9101-423e-a5fd-78b5a0913d87}</UniqueIdentifier>
    </Filter>
    <Filter Include="Header Files\UI">
      <UniqueIdentifier>{09746718-9093-4ee2-aca7-d51c7a15d3ce}</UniqueIdentifier>
    </Filter>
    <Filter Include="Source Files\UI">
      <UniqueIdentifier>{028fe001-9b9a-4519-9b03-c4cdf424f3c8}</UniqueIdentifier>
    </Filter>
    <Filter Include="Header Files\Game Entities">
      <UniqueIdentifier>{e9e81ddd-1ae1-41c0-bf08-bfce006876f5}</UniqueIdentifier>
    </Filter>
    <Filter Include="Header Files\World">
      <UniqueIdentifier>{90b4828d-33ab-446d-b41e-d5c9a94ca3ed}</UniqueIdentifier>
    </Filter>
    <Filter Include="Header Files\Signalling">
      <UniqueIdentifier>{b851a77c-d72e-4f50-b038-6968f923f5b1}</UniqueIdentifier>
    </Filter>
  </ItemGroup>
  <ItemGroup>
    <ClCompile Include="Main.cpp">
      <Filter>Source Files</Filter>
    </ClCompile>
    <ClCompile Include="..\sfml-tmxloader-master\sfml-tmxloader-master\src\MapLayer.cpp">
      <Filter>Source Files\tmx</Filter>
    </ClCompile>
    <ClCompile Include="..\sfml-tmxloader-master\sfml-tmxloader-master\src\MapLoaderPublic.cpp">
      <Filter>Source Files\tmx</Filter>
    </ClCompile>
    <ClCompile Include="..\sfml-tmxloader-master\sfml-tmxloader-master\src\MapObject.cpp">
      <Filter>Source Files\tmx</Filter>
    </ClCompile>
    <ClCompile Include="..\sfml-tmxloader-master\sfml-tmxloader-master\src\QuadTreeNode.cpp">
      <Filter>Source Files\tmx</Filter>
    </ClCompile>
    <ClCompile Include="..\sfml-tmxloader-master\sfml-tmxloader-master\src\pugixml\pugixml.cpp">
      <Filter>Source Files\tmx</Filter>
    </ClCompile>
    <ClCompile Include="..\sfml-tmxloader-master\sfml-tmxloader-master\src\MapLoaderPrivate.cpp">
      <Filter>Source Files\tmx</Filter>
    </ClCompile>
    <ClCompile Include="..\sfml-tmxloader-master\sfml-tmxloader-master\src\DebugShape.cpp">
      <Filter>Source Files\tmx</Filter>
    </ClCompile>
    <ClCompile Include="astar.cpp">
      <Filter>Source Files\Pathfinding</Filter>
    </ClCompile>
    <ClCompile Include="tile_node.cpp">
      <Filter>Source Files\Pathfinding</Filter>
    </ClCompile>
    <ClCompile Include="Collision.cpp">
      <Filter>Source Files\Collision</Filter>
    </ClCompile>
    <ClCompile Include="TDGame.cpp">
      <Filter>Source Files</Filter>
    </ClCompile>
    <ClCompile Include="Enemy.cpp">
      <Filter>Source Files\Game Entities</Filter>
    </ClCompile>
    <ClCompile Include="Path.cpp">
      <Filter>Source Files\Pathfinding</Filter>
    </ClCompile>
    <ClCompile Include="Tower.cpp">
      <Filter>Source Files\Game Entities</Filter>
    </ClCompile>
    <ClCompile Include="Map.cpp">
      <Filter>Source Files\World</Filter>
    </ClCompile>
    <ClCompile Include="HealthBar.cpp">
      <Filter>Source Files\UI</Filter>
    </ClCompile>
    <ClCompile Include="hud.cpp">
      <Filter>Source Files\UI</Filter>
    </ClCompile>
    <ClCompile Include="GameScreen.cpp">
      <Filter>Source Files\States</Filter>
    </ClCompile>
    <ClCompile Include="Game.cpp">
      <Filter>Source Files\States</Filter>
    </ClCompile>
    <ClCompile Include="Projectile.cpp">
      <Filter>Source Files\Game Entities</Filter>
    </ClCompile>
    <ClCompile Include="Component.cpp">
      <Filter>Source Files\UI</Filter>
    </ClCompile>
    <ClCompile Include="InputManager.cpp">
      <Filter>Source Files\UI</Filter>
    </ClCompile>
    <ClCompile Include="Label.cpp">
      <Filter>Source Files\UI</Filter>
    </ClCompile>
    <ClCompile Include="EnemyFab.cpp">
      <Filter>Source Files\Game Entities</Filter>
    </ClCompile>
    <ClCompile Include="WaveFabAllocator.cpp">
      <Filter>Source Files\Game Entities</Filter>
    </ClCompile>
    <ClCompile Include="Player.cpp">
      <Filter>Source Files</Filter>
    </ClCompile>
    <ClCompile Include="PlayerObject.cpp">
      <Filter>Source Files\Game Entities</Filter>
    </ClCompile>
    <ClCompile Include="UIWindow.cpp">
      <Filter>Source Files\UI</Filter>
    </ClCompile>
    <ClCompile Include="DrawableGameComponent.cpp">
      <Filter>Source Files\States</Filter>
    </ClCompile>
  </ItemGroup>
  <ItemGroup>
    <ClInclude Include="astar.h">
      <Filter>Header Files\Pathfinding</Filter>
    </ClInclude>
    <ClInclude Include="tile_node.h">
      <Filter>Header Files\Pathfinding</Filter>
    </ClInclude>
    <ClInclude Include="Constant.h">
      <Filter>Header Files</Filter>
    </ClInclude>
    <ClInclude Include="collision.h">
      <Filter>Header Files\Collision</Filter>
    </ClInclude>
    <ClInclude Include="DrawableGameComponent.h">
      <Filter>Header Files\States</Filter>
    </ClInclude>
    <ClInclude Include="Enemy.h">
      <Filter>Header Files\Game Entities</Filter>
    </ClInclude>
    <ClInclude Include="GameScreen.h">
      <Filter>Header Files\States</Filter>
    </ClInclude>
    <ClInclude Include="hud.h">
      <Filter>Header Files\UI</Filter>
    </ClInclude>
    <ClInclude Include="HealthBar.h">
      <Filter>Header Files\UI</Filter>
    </ClInclude>
    <ClInclude Include="Map.h">
      <Filter>Header Files\World</Filter>
    </ClInclude>
    <ClInclude Include="Path.h">
      <Filter>Header Files\Pathfinding</Filter>
    </ClInclude>
    <ClInclude Include="TDGame.h">
      <Filter>Header Files</Filter>
    </ClInclude>
    <ClInclude Include="Tower.h">
      <Filter>Header Files\Game Entities</Filter>
    </ClInclude>
    <ClInclude Include="Game.h">
      <Filter>Header Files\States</Filter>
    </ClInclude>
    <ClInclude Include="Projectile.h">
      <Filter>Header Files\Game Entities</Filter>
    </ClInclude>
    <ClInclude Include="Component.h">
      <Filter>Header Files\UI</Filter>
    </ClInclude>
    <ClInclude Include="InputManager.h">
      <Filter>Header Files\UI</Filter>
    </ClInclude>
    <ClInclude Include="Label.h">
      <Filter>Header Files\UI</Filter>
    </ClInclude>
    <ClInclude Include="EnemyFab.h">
      <Filter>Header Files\Game Entities</Filter>
    </ClInclude>
    <ClInclude Include="WaveFabAllocator.h">
      <Filter>Header Files\Game Entities</Filter>
    </ClInclude>
    <ClInclude Include="resource.h">
      <Filter>Header Files\Game Entities</Filter>
    </ClInclude>
    <ClInclude Include="Player.h">
      <Filter>Header Files</Filter>
    </ClInclude>
    <ClInclude Include="Signalling\Signal.h">
      <Filter>Header Files\Signalling</Filter>
    </ClInclude>
    <ClInclude Include="Signalling\Delegate.h">
      <Filter>Header Files\Signalling</Filter>
    </ClInclude>
    <ClInclude Include="PlayerObject.h">
      <Filter>Header Files\Game Entities</Filter>
    </ClInclude>
    <ClInclude Include="UIWindow.h">
      <Filter>Header Files\UI</Filter>
    </ClInclude>
  </ItemGroup>
  <ItemGroup>
    <Text Include="TODO.txt" />
  </ItemGroup>
  <ItemGroup>
    <ResourceCompile Include="TowerDefense.rc">
      <Filter>Resource Files</Filter>
    </ResourceCompile>
  </ItemGroup>
</Project>